
Microsoft Visual Studio Solution File, Format Version 12.00
# Visual Studio Express 15 for Windows Desktop
VisualStudioVersion = 15.0.27703.2047
MinimumVisualStudioVersion = 10.0.40219.1
Project("{FAE04EC0-301F-11D3-BF4B-00C04F79EFBC}") = "MiCalculadora", "MiCalculadora\MiCalculadora.csproj", "{C99AB070-A022-4B82-BB87-D8A8FB538A4A}"
EndProject
Project("{FAE04EC0-301F-11D3-BF4B-00C04F79EFBC}") = "Entidades", "LibreriaDeClases\Entidades.csproj", "{B9CB746D-F2FC-448E-96DC-E6532BEB1B99}"
EndProject
Global
	GlobalSection(SolutionConfigurationPlatforms) = preSolution
		Debug|Any CPU = Debug|Any CPU
		Release|Any CPU = Release|Any CPU
	EndGlobalSection
	GlobalSection(ProjectConfigurationPlatforms) = postSolution
		{C99AB070-A022-4B82-BB87-D8A8FB538A4A}.Debug|Any CPU.ActiveCfg = Debug|Any CPU
		{C99AB070-A022-4B82-BB87-D8A8FB538A4A}.Debug|Any CPU.Build.0 = Debug|Any CPU
		{C99AB070-A022-4B82-BB87-D8A8FB538A4A}.Release|Any CPU.ActiveCfg = Release|Any CPU
		{C99AB070-A022-4B82-BB87-D8A8FB538A4A}.Release|Any CPU.Build.0 = Release|Any CPU
		{B9CB746D-F2FC-448E-96DC-E6532BEB1B99}.Debug|Any CPU.ActiveCfg = Debug|Any CPU
		{B9CB746D-F2FC-448E-96DC-E6532BEB1B99}.Debug|Any CPU.Build.0 = Debug|Any CPU
		{B9CB746D-F2FC-448E-96DC-E6532BEB1B99}.Release|Any CPU.ActiveCfg = Release|Any CPU
		{B9CB746D-F2FC-448E-96DC-E6532BEB1B99}.Release|Any CPU.Build.0 = Release|Any CPU
	EndGlobalSection
	GlobalSection(SolutionProperties) = preSolution
		HideSolutionNode = FALSE
	EndGlobalSection
	GlobalSection(ExtensibilityGlobals) = postSolution
		SolutionGuid = {06A5E001-4D15-463A-A881-87E7489FE399}
	EndGlobalSection
EndGlobal
