
Microsoft Visual Studio Solution File, Format Version 12.00
# Visual Studio Express 15 for Windows Desktop
VisualStudioVersion = 15.0.28307.106
MinimumVisualStudioVersion = 10.0.40219.1
Project("{FAE04EC0-301F-11D3-BF4B-00C04F79EFBC}") = "Entidades", "Entidades\Entidades.csproj", "{C4010CED-8FA2-453F-8042-941CD5E31526}"
EndProject
Project("{FAE04EC0-301F-11D3-BF4B-00C04F79EFBC}") = "MainCorreo", "MainCorreo\MainCorreo.csproj", "{2EECDA7D-9107-4ED2-8A84-EB46984F9A29}"
EndProject
Project("{FAE04EC0-301F-11D3-BF4B-00C04F79EFBC}") = "UnitTest", "UnitTest\UnitTest.csproj", "{41E3F68D-5FED-4810-9345-0CF86801D738}"
EndProject
Global
	GlobalSection(SolutionConfigurationPlatforms) = preSolution
		Debug|Any CPU = Debug|Any CPU
		Release|Any CPU = Release|Any CPU
	EndGlobalSection
	GlobalSection(ProjectConfigurationPlatforms) = postSolution
		{C4010CED-8FA2-453F-8042-941CD5E31526}.Debug|Any CPU.ActiveCfg = Debug|Any CPU
		{C4010CED-8FA2-453F-8042-941CD5E31526}.Debug|Any CPU.Build.0 = Debug|Any CPU
		{C4010CED-8FA2-453F-8042-941CD5E31526}.Release|Any CPU.ActiveCfg = Release|Any CPU
		{C4010CED-8FA2-453F-8042-941CD5E31526}.Release|Any CPU.Build.0 = Release|Any CPU
		{2EECDA7D-9107-4ED2-8A84-EB46984F9A29}.Debug|Any CPU.ActiveCfg = Debug|Any CPU
		{2EECDA7D-9107-4ED2-8A84-EB46984F9A29}.Debug|Any CPU.Build.0 = Debug|Any CPU
		{2EECDA7D-9107-4ED2-8A84-EB46984F9A29}.Release|Any CPU.ActiveCfg = Release|Any CPU
		{2EECDA7D-9107-4ED2-8A84-EB46984F9A29}.Release|Any CPU.Build.0 = Release|Any CPU
		{41E3F68D-5FED-4810-9345-0CF86801D738}.Debug|Any CPU.ActiveCfg = Debug|Any CPU
		{41E3F68D-5FED-4810-9345-0CF86801D738}.Debug|Any CPU.Build.0 = Debug|Any CPU
		{41E3F68D-5FED-4810-9345-0CF86801D738}.Release|Any CPU.ActiveCfg = Release|Any CPU
		{41E3F68D-5FED-4810-9345-0CF86801D738}.Release|Any CPU.Build.0 = Release|Any CPU
	EndGlobalSection
	GlobalSection(SolutionProperties) = preSolution
		HideSolutionNode = FALSE
	EndGlobalSection
	GlobalSection(ExtensibilityGlobals) = postSolution
		SolutionGuid = {4F4DB456-771D-45B9-AC5D-A6EC4C664D81}
	EndGlobalSection
EndGlobal
